github.com/google/go-cmp v0.6.0 h1:ofyhxvXcZhMsU5ulbFiLKl/XBFqE1GSq7atu8tAmTRI=
github.com/google/go-cmp v0.6.0/go.mod h1:17dUlkBOakJ0+DkrSSNjCkIjxS6bF9zb3elmeNGIjoY=
github.com/kagadar/go-pipeline/slices v0.0.0-20240118080808-fa21eef8c27d h1:rP1cDDLc2gyshjxtz7qx6gCe1n1mROl0PlLDNDaDX/U=
github.com/kagadar/go-pipeline/slices v0.0.0-20240118080808-fa21eef8c27d/go.mod h1:ktchdOIKJo1gotnTZkORbzdD7QrKIquFQdSwznuB0GE=
